<?xml version="1.0" encoding="utf-8"?>
<Project ToolsVersion="4.0" xmlns="http://schemas.microsoft.com/developer/msbuild/2003">
  <ItemGroup>
    <Filter Include="소스 파일">
      <UniqueIdentifier>{4FC737F1-C7A5-4376-A066-2A32D752A2FF}</UniqueIdentifier>
      <Extensions>cpp;c;cc;cxx;c++;cppm;ixx;def;odl;idl;hpj;bat;asm;asmx</Extensions>
    </Filter>
    <Filter Include="리소스 파일">
      <UniqueIdentifier>{67DA6AB6-F800-4c08-8B7A-83BB121AAD01}</UniqueIdentifier>
      <Extensions>rc;ico;cur;bmp;dlg;rc2;rct;bin;rgs;gif;jpg;jpeg;jpe;resx;tiff;tif;png;wav;mfcribbon-ms</Extensions>
    </Filter>
    <Filter Include="MainGame">
      <UniqueIdentifier>{77994adb-bb80-42e8-886b-851bb890958e}</UniqueIdentifier>
    </Filter>
    <Filter Include="2D Framework">
      <UniqueIdentifier>{fae288c9-1a89-4141-bbae-e4f3680953fb}</UniqueIdentifier>
    </Filter>
    <Filter Include="MainGame\Enemy_Manage">
      <UniqueIdentifier>{80179eda-c796-41f8-bb9f-fc8313138070}</UniqueIdentifier>
    </Filter>
    <Filter Include="MainGame\Missile_Manage">
      <UniqueIdentifier>{3b9c8fd3-f1a6-400b-95f8-e1a326da7f8a}</UniqueIdentifier>
    </Filter>
    <Filter Include="2D Framework\Manager">
      <UniqueIdentifier>{d653d4d0-85d6-4511-9a40-98773ef03c33}</UniqueIdentifier>
    </Filter>
    <Filter Include="2D Framework\Manager\Timer">
      <UniqueIdentifier>{a8c0d818-a44b-4e4c-88bd-ba74b7b2630b}</UniqueIdentifier>
    </Filter>
    <Filter Include="MainGame\Boss_Manage">
      <UniqueIdentifier>{bf3fa25e-8d3c-4091-9dd1-1f6e582b1d2c}</UniqueIdentifier>
    </Filter>
    <Filter Include="헤더 파일">
      <UniqueIdentifier>{93995380-89BD-4b04-88EB-625FBE52EBFB}</UniqueIdentifier>
      <Extensions>h;hh;hpp;hxx;h++;hm;inl;inc;ipp;xsd</Extensions>
    </Filter>
    <Filter Include="MainGame\Move_Manage">
      <UniqueIdentifier>{fb63097f-9609-4d8e-92df-a75801445b89}</UniqueIdentifier>
    </Filter>
    <Filter Include="MainGame\Fire_Manage">
      <UniqueIdentifier>{eb9bfc80-1c7e-499e-a113-d8889ae5416b}</UniqueIdentifier>
    </Filter>
    <Filter Include="Skill_Manage">
      <UniqueIdentifier>{f4339f2a-9f4d-48b8-914f-bd2c161304f0}</UniqueIdentifier>
    </Filter>
    <Filter Include="MainGame\Tank_Manage%28Player%29">
      <UniqueIdentifier>{a01034b0-7b9c-4dd4-9ebd-c3111f5f425d}</UniqueIdentifier>
    </Filter>
    <Filter Include="MainGame\Move_Manage\BHS">
      <UniqueIdentifier>{dee02fcb-5b15-484e-a384-208d63bcb9f4}</UniqueIdentifier>
    </Filter>
  </ItemGroup>
  <ItemGroup>
    <ClCompile Include="main.cpp">
      <Filter>소스 파일</Filter>
    </ClCompile>
    <ClCompile Include="MainGame.cpp">
      <Filter>MainGame</Filter>
    </ClCompile>
    <ClCompile Include="Image.cpp">
      <Filter>2D Framework</Filter>
    </ClCompile>
    <ClCompile Include="EnemyManager.cpp">
      <Filter>MainGame\Enemy_Manage</Filter>
    </ClCompile>
    <ClCompile Include="Enemy.cpp">
      <Filter>MainGame\Enemy_Manage</Filter>
    </ClCompile>
    <ClCompile Include="Missile.cpp">
      <Filter>MainGame\Missile_Manage</Filter>
    </ClCompile>
    <ClCompile Include="Tank.cpp">
      <Filter>MainGame\Tank_Manage%28Player%29</Filter>
    </ClCompile>
    <ClCompile Include="MissileManager.cpp">
      <Filter>MainGame\Missile_Manage</Filter>
    </ClCompile>
    <ClCompile Include="KeyManager.cpp">
      <Filter>2D Framework\Manager</Filter>
    </ClCompile>
    <ClCompile Include="ImageManager.cpp">
      <Filter>2D Framework\Manager</Filter>
    </ClCompile>
    <ClCompile Include="Timer.cpp">
      <Filter>2D Framework\Manager\Timer</Filter>
    </ClCompile>
    <ClCompile Include="TimerManager.cpp">
      <Filter>2D Framework\Manager</Filter>
    </ClCompile>
    <ClCompile Include="PlayerShip.cpp">
      <Filter>MainGame\Tank_Manage%28Player%29</Filter>
    </ClCompile>
    <ClCompile Include="BossManager.cpp">
      <Filter>MainGame\Boss_Manage</Filter>
    </ClCompile>
    <ClCompile Include="Boss.cpp">
      <Filter>MainGame\Boss_Manage</Filter>
    </ClCompile>
    <ClCompile Include="Barrel.cpp">
      <Filter>MainGame\Boss_Manage</Filter>
    </ClCompile>
    <ClCompile Include="StageOneBoss.cpp">
      <Filter>MainGame\Boss_Manage</Filter>
    </ClCompile>
    <ClCompile Include="StageTwoBoss.cpp">
      <Filter>MainGame\Boss_Manage</Filter>
    </ClCompile>
    <ClCompile Include="StageThreeBoss.cpp">
      <Filter>MainGame\Boss_Manage</Filter>
    </ClCompile>
    <ClCompile Include="NormalMove.cpp">
      <Filter>MainGame\Move_Manage</Filter>
    </ClCompile>
    <ClCompile Include="NormalFire.cpp">
      <Filter>MainGame\Fire_Manage</Filter>
    </ClCompile>
    <ClCompile Include="NormalSkill.cpp">
      <Filter>Skill_Manage</Filter>
    </ClCompile>
    <ClCompile Include="LeftDownMove.cpp">
      <Filter>MainGame\Move_Manage\BHS</Filter>
    </ClCompile>
  </ItemGroup>
  <ItemGroup>
    <ClInclude Include="CommonFunction.h">
      <Filter>헤더 파일</Filter>
    </ClInclude>
    <ClInclude Include="config.h">
      <Filter>헤더 파일</Filter>
    </ClInclude>
    <ClInclude Include="MainGame.h">
      <Filter>MainGame</Filter>
    </ClInclude>
    <ClInclude Include="GameNode.h">
      <Filter>2D Framework</Filter>
    </ClInclude>
    <ClInclude Include="Singleton.h">
      <Filter>2D Framework</Filter>
    </ClInclude>
    <ClInclude Include="Image.h">
      <Filter>2D Framework</Filter>
    </ClInclude>
    <ClInclude Include="EnemyManager.h">
      <Filter>MainGame\Enemy_Manage</Filter>
    </ClInclude>
    <ClInclude Include="Enemy.h">
      <Filter>MainGame\Enemy_Manage</Filter>
    </ClInclude>
    <ClInclude Include="Missile.h">
      <Filter>MainGame\Missile_Manage</Filter>
    </ClInclude>
    <ClInclude Include="Tank.h">
      <Filter>MainGame\Tank_Manage%28Player%29</Filter>
    </ClInclude>
    <ClInclude Include="MissileManager.h">
      <Filter>MainGame\Missile_Manage</Filter>
    </ClInclude>
    <ClInclude Include="KeyManager.h">
      <Filter>2D Framework\Manager</Filter>
    </ClInclude>
    <ClInclude Include="ImageManager.h">
      <Filter>2D Framework\Manager</Filter>
    </ClInclude>
    <ClInclude Include="Timer.h">
      <Filter>2D Framework\Manager\Timer</Filter>
    </ClInclude>
    <ClInclude Include="TimerManager.h">
      <Filter>2D Framework\Manager</Filter>
    </ClInclude>
    <ClInclude Include="PlayerShip.h">
      <Filter>MainGame\Tank_Manage%28Player%29</Filter>
    </ClInclude>
    <ClInclude Include="BossManager.h">
      <Filter>MainGame\Boss_Manage</Filter>
    </ClInclude>
    <ClInclude Include="Boss.h">
      <Filter>MainGame\Boss_Manage</Filter>
    </ClInclude>
    <ClInclude Include="Barrel.h">
      <Filter>MainGame\Boss_Manage</Filter>
    </ClInclude>
    <ClInclude Include="StageOneBoss.h">
      <Filter>MainGame\Boss_Manage</Filter>
    </ClInclude>
    <ClInclude Include="StageTwoBoss.h">
      <Filter>MainGame\Boss_Manage</Filter>
    </ClInclude>
    <ClInclude Include="StageThreeBoss.h">
      <Filter>MainGame\Boss_Manage</Filter>
    </ClInclude>
    <ClInclude Include="MoveManager.h">
      <Filter>MainGame\Move_Manage</Filter>
    </ClInclude>
    <ClInclude Include="MoveInterface.h">
      <Filter>MainGame\Move_Manage</Filter>
    </ClInclude>
    <ClInclude Include="NormalMove.h">
      <Filter>MainGame\Move_Manage</Filter>
    </ClInclude>
    <ClInclude Include="FireManager.h">
      <Filter>MainGame\Fire_Manage</Filter>
    </ClInclude>
    <ClInclude Include="FireInterface.h">
      <Filter>MainGame\Fire_Manage</Filter>
    </ClInclude>
    <ClInclude Include="NormalFire.h">
      <Filter>MainGame\Fire_Manage</Filter>
    </ClInclude>
    <ClInclude Include="SkillManager.h">
      <Filter>Skill_Manage</Filter>
    </ClInclude>
    <ClInclude Include="SkillInterface.h">
      <Filter>Skill_Manage</Filter>
    </ClInclude>
    <ClInclude Include="NormalSkill.h">
      <Filter>Skill_Manage</Filter>
    </ClInclude>
    <ClInclude Include="LeftDownMove.h">
      <Filter>MainGame\Move_Manage\BHS</Filter>
    </ClInclude>
  </ItemGroup>
</Project>