<?xml version="1.0" encoding="utf-8"?>
<Project ToolsVersion="4.0" xmlns="http://schemas.microsoft.com/developer/msbuild/2003">
  <ItemGroup>
    <ClCompile Include="Barrel.cpp" />
    <ClCompile Include="BilliardsMove.cpp" />
    <ClCompile Include="Boss.cpp" />
    <ClCompile Include="BossManager.cpp" />
    <ClCompile Include="CenterMove.cpp" />
    <ClCompile Include="CircularSkill.cpp" />
    <ClCompile Include="CollisionCheck.cpp" />
    <ClCompile Include="Enemy.cpp" />
    <ClCompile Include="EnemyManager.cpp" />
    <ClCompile Include="FallingKnivesFire.cpp" />
    <ClCompile Include="FallingKnivesSkill.cpp" />
    <ClCompile Include="FireManager.cpp" />
    <ClCompile Include="FireworkFire.cpp" />
    <ClCompile Include="FireworkSkill.cpp" />
    <ClCompile Include="GuidedFire.cpp" />
    <ClCompile Include="GuidedSkill.cpp" />
    <ClCompile Include="Image.cpp" />
    <ClCompile Include="ImageManager.cpp" />
    <ClCompile Include="KeyManager.cpp" />
    <ClCompile Include="LeftDownMove.cpp" />
    <ClCompile Include="LeftSinMove.cpp" />
    <ClCompile Include="LeftMove.cpp" />
    <ClCompile Include="LeftUpMove.cpp" />
    <ClCompile Include="main.cpp" />
    <ClCompile Include="MainGame.cpp" />
    <ClCompile Include="MeteorFire.cpp" />
    <ClCompile Include="MeteorSkill.cpp" />
    <ClCompile Include="Missile.cpp" />
    <ClCompile Include="MissileManager.cpp" />
    <ClCompile Include="NormalFire.cpp" />
    <ClCompile Include="NormalMove.cpp" />
    <ClCompile Include="NormalSkill.cpp" />
    <ClCompile Include="NotFire.cpp" />
    <ClCompile Include="NotSkill.cpp" />
    <ClCompile Include="PhaseChangeMove.cpp" />
    <ClCompile Include="PlayerFire.cpp" />
    <ClCompile Include="PlayerShip.cpp" />
    <ClCompile Include="RightSinMove.cpp" />
    <ClCompile Include="SpearMove.cpp" />
    <ClCompile Include="PlayerSkill.cpp" />
    <ClCompile Include="RightDownMove.cpp" />
    <ClCompile Include="RightMove.cpp" />
    <ClCompile Include="RightSideMove.cpp" />
    <ClCompile Include="RightUpMove.cpp" />
    <ClCompile Include="StageOneBoss.cpp" />
    <ClCompile Include="StageThreeBoss.cpp" />
    <ClCompile Include="StageTwoBoss.cpp" />
    <ClCompile Include="Tank.cpp" />
    <ClCompile Include="Timer.cpp" />
    <ClCompile Include="TimerManager.cpp" />
    <ClCompile Include="TornadoSkill.cpp" />
    <ClCompile Include="TwoFire.cpp" />
    <ClCompile Include="TwoSkill.cpp" />
    <ClCompile Include="WormFire.cpp" />
    <ClCompile Include="WormSkill.cpp" />
    <ClCompile Include="ZigzagFire.cpp" />
    <ClCompile Include="ZigzagMove.cpp" />
    <ClCompile Include="ZigzagSkill.cpp" />
    <ClCompile Include="TornadoFire.cpp" />
    <ClCompile Include="SceneManager.cpp" />
    <ClCompile Include="Subject.cpp" />
<<<<<<< HEAD
    <ClCompile Include="BigEnemy.cpp" />
    <ClCompile Include="MediumEnemy.cpp" />
    <ClCompile Include="SmallEnemy.cpp" />
    <ClCompile Include="SmallEnemyFactory.cpp" />
    <ClCompile Include="BigEnemyFactory.cpp" />
    <ClCompile Include="MediumEnemyFactory.cpp" />
=======
    <ClCompile Include="TargetFire.cpp" />
    <ClCompile Include="TargetSkill.cpp" />
    <ClCompile Include="BackMove.cpp" />
    <ClCompile Include="ItemManager.cpp" />
    <ClCompile Include="ItemLifeFactory.cpp" />
    <ClCompile Include="Item.cpp" />
    <ClCompile Include="ItemLife.cpp" />
    <ClCompile Include="ItemBomb.cpp" />
    <ClCompile Include="ItemPower.cpp" />
>>>>>>> 1db91ea8375c9db019e38343ab10f85c799b0a5f
  </ItemGroup>
  <ItemGroup>
    <ClInclude Include="Barrel.h" />
    <ClInclude Include="BilliardsMove.h" />
    <ClInclude Include="Boss.h" />
    <ClInclude Include="BossManager.h" />
    <ClInclude Include="CenterMove.h" />
    <ClInclude Include="CollisionCheck.h" />
    <ClInclude Include="CommonFunction.h" />
    <ClInclude Include="config.h" />
    <ClInclude Include="Enemy.h" />
    <ClInclude Include="EnemyManager.h" />
    <ClInclude Include="FallingKnivesFire.h" />
    <ClInclude Include="FallingKnivesSkill.h" />
    <ClInclude Include="GuidedSkill.h" />
    <ClInclude Include="Image.h" />
    <ClInclude Include="ImageManager.h" />
    <ClInclude Include="FireInterface.h" />
    <ClInclude Include="FireManager.h" />
    <ClInclude Include="FireworkFire.h" />
    <ClInclude Include="FireworkSkill.h" />
    <ClInclude Include="GameNode.h" />
    <ClInclude Include="KeyManager.h" />
    <ClInclude Include="LeftDownMove.h" />
    <ClInclude Include="LeftSinMove.h" />
    <ClInclude Include="LeftMove.h" />
    <ClInclude Include="LeftUpMove.h" />
    <ClInclude Include="MainGame.h" />
    <ClInclude Include="MeteorFire.h" />
    <ClInclude Include="MeteorSkill.h" />
    <ClInclude Include="Missile.h" />
    <ClInclude Include="MissileManager.h" />
    <ClInclude Include="MoveInterface.h" />
    <ClInclude Include="MoveManager.h" />
    <ClInclude Include="NormalFire.h" />
    <ClInclude Include="NormalMove.h" />
    <ClInclude Include="NormalSkill.h" />
    <ClInclude Include="NotFire.h" />
    <ClInclude Include="NotSkill.h" />
    <ClInclude Include="PhaseChangeMove.h" />
    <ClInclude Include="PlayerFire.h" />
    <ClInclude Include="PlayerShip.h" />
    <ClInclude Include="RightSinMove.h" />
    <ClInclude Include="PlayerSkill.h" />
    <ClInclude Include="RightDownMove.h" />
    <ClInclude Include="RightMove.h" />
    <ClInclude Include="RightSideMove.h" />
    <ClInclude Include="RightUpMove.h" />
    <ClInclude Include="Singleton.h" />
    <ClInclude Include="SkillInterface.h" />
    <ClInclude Include="SkillManager.h" />
    <ClInclude Include="SpearMove.h" />
    <ClInclude Include="StageOneBoss.h" />
    <ClInclude Include="StageThreeBoss.h" />
    <ClInclude Include="StageTwoBoss.h" />
    <ClInclude Include="Tank.h" />
    <ClInclude Include="Timer.h" />
    <ClInclude Include="TimerManager.h" />
    <ClInclude Include="TornadoSkill.h" />
    <ClInclude Include="TwoFire.h" />
    <ClInclude Include="TwoSkill.h" />
    <ClInclude Include="WormFire.h" />
    <ClInclude Include="WormSkill.h" />
    <ClInclude Include="ZigzagFire.h" />
    <ClInclude Include="ZigzagMove.h" />
    <ClInclude Include="ZigzagSkill.h" />
    <ClInclude Include="TornadoFire.h" />
    <ClInclude Include="SceneManager.h" />
    <ClInclude Include="Observer.h" />
    <ClInclude Include="Subject.h" />
<<<<<<< HEAD
    <ClInclude Include="BigEnemy.h" />
    <ClInclude Include="MediumEnemy.h" />
    <ClInclude Include="SmallEnemy.h" />
    <ClInclude Include="EnemyFactory.h" />
    <ClInclude Include="SmallEnemyFactory.h" />
    <ClInclude Include="BigEnemyFactory.h" />
    <ClInclude Include="MediumEnemyFactory.h" />
=======
    <ClInclude Include="TargetFire.h" />
    <ClInclude Include="TargetSkill.h" />
    <ClInclude Include="BackMove.h" />
    <ClInclude Include="ItemManager.h" />
    <ClInclude Include="ItemFactory.h" />
    <ClInclude Include="ItemLifeFactory.h" />
    <ClInclude Include="Item.h" />
    <ClInclude Include="ItemLife.h" />
    <ClInclude Include="ItemBomb.h" />
    <ClInclude Include="ItemPower.h" />
>>>>>>> 1db91ea8375c9db019e38343ab10f85c799b0a5f
  </ItemGroup>
</Project>